
Microsoft Visual Studio Solution File, Format Version 12.00
Project("{FAE04EC0-301F-11D3-BF4B-00C04F79EFBC}") = "BarTender", "BarTender\BarTender.csproj", "{C8049DE7-A720-49BC-B02D-56258516123A}"
EndProject
Project("{FAE04EC0-301F-11D3-BF4B-00C04F79EFBC}") = "Dab", "Dab\Dab.csproj", "{2DE0B51B-8E44-46B5-8AE4-545E1362453E}"
EndProject
Project("{FAE04EC0-301F-11D3-BF4B-00C04F79EFBC}") = "MoneyCounter", "MoneyCounter\MoneyCounter.csproj", "{BD2CFE13-3A58-497D-80CC-FD99F7362A59}"
EndProject
Project("{FAE04EC0-301F-11D3-BF4B-00C04F79EFBC}") = "DanceFlow", "DanceFlow\DanceFlow.csproj", "{29323670-32AD-4DB4-9675-9194C11695E9}"
EndProject
Project("{FAE04EC0-301F-11D3-BF4B-00C04F79EFBC}") = "DJ", "DJ\DJ.csproj", "{6EDCCF4E-5E39-42B4-9182-39084F14CA55}"
EndProject
Project("{FAE04EC0-301F-11D3-BF4B-00C04F79EFBC}") = "ProjectIsinaBasa", "ProjectIsinaBasa\ProjectIsinaBasa.csproj", "{3C6559C6-6E79-4D4A-BEFF-CD1CD679A0F1}"
EndProject
Project("{FAE04EC0-301F-11D3-BF4B-00C04F79EFBC}") = "Cooler", "Cooler\Cooler.csproj", "{971BCFBC-E6DD-42FC-9B9E-FC93D5B734F4}"
EndProject
Project("{FAE04EC0-301F-11D3-BF4B-00C04F79EFBC}") = "Shisha", "Shisha\Shisha.csproj", "{CADAE34E-77CB-4E94-BA07-96780C51AFFF}"
EndProject
Project("{FAE04EC0-301F-11D3-BF4B-00C04F79EFBC}") = "Bong", "Bong\Bong.csproj", "{07676825-DCB3-4757-9A50-6D55A5CB073C}"
EndProject
Global
	GlobalSection(SolutionConfigurationPlatforms) = preSolution
		Debug|Any CPU = Debug|Any CPU
		Release|Any CPU = Release|Any CPU
	EndGlobalSection
	GlobalSection(ProjectConfigurationPlatforms) = postSolution
		{C8049DE7-A720-49BC-B02D-56258516123A}.Debug|Any CPU.ActiveCfg = Debug|Any CPU
		{C8049DE7-A720-49BC-B02D-56258516123A}.Debug|Any CPU.Build.0 = Debug|Any CPU
		{C8049DE7-A720-49BC-B02D-56258516123A}.Release|Any CPU.ActiveCfg = Release|Any CPU
		{C8049DE7-A720-49BC-B02D-56258516123A}.Release|Any CPU.Build.0 = Release|Any CPU
		{2DE0B51B-8E44-46B5-8AE4-545E1362453E}.Debug|Any CPU.ActiveCfg = Debug|Any CPU
		{2DE0B51B-8E44-46B5-8AE4-545E1362453E}.Debug|Any CPU.Build.0 = Debug|Any CPU
		{2DE0B51B-8E44-46B5-8AE4-545E1362453E}.Release|Any CPU.ActiveCfg = Release|Any CPU
		{2DE0B51B-8E44-46B5-8AE4-545E1362453E}.Release|Any CPU.Build.0 = Release|Any CPU
		{BD2CFE13-3A58-497D-80CC-FD99F7362A59}.Debug|Any CPU.ActiveCfg = Debug|Any CPU
		{BD2CFE13-3A58-497D-80CC-FD99F7362A59}.Debug|Any CPU.Build.0 = Debug|Any CPU
		{BD2CFE13-3A58-497D-80CC-FD99F7362A59}.Release|Any CPU.ActiveCfg = Release|Any CPU
		{BD2CFE13-3A58-497D-80CC-FD99F7362A59}.Release|Any CPU.Build.0 = Release|Any CPU
		{29323670-32AD-4DB4-9675-9194C11695E9}.Debug|Any CPU.ActiveCfg = Debug|Any CPU
		{29323670-32AD-4DB4-9675-9194C11695E9}.Debug|Any CPU.Build.0 = Debug|Any CPU
		{29323670-32AD-4DB4-9675-9194C11695E9}.Release|Any CPU.ActiveCfg = Release|Any CPU
		{29323670-32AD-4DB4-9675-9194C11695E9}.Release|Any CPU.Build.0 = Release|Any CPU
		{6EDCCF4E-5E39-42B4-9182-39084F14CA55}.Debug|Any CPU.ActiveCfg = Debug|Any CPU
		{6EDCCF4E-5E39-42B4-9182-39084F14CA55}.Debug|Any CPU.Build.0 = Debug|Any CPU
		{6EDCCF4E-5E39-42B4-9182-39084F14CA55}.Release|Any CPU.ActiveCfg = Release|Any CPU
		{6EDCCF4E-5E39-42B4-9182-39084F14CA55}.Release|Any CPU.Build.0 = Release|Any CPU
		{3C6559C6-6E79-4D4A-BEFF-CD1CD679A0F1}.Debug|Any CPU.ActiveCfg = Debug|Any CPU
		{3C6559C6-6E79-4D4A-BEFF-CD1CD679A0F1}.Debug|Any CPU.Build.0 = Debug|Any CPU
		{3C6559C6-6E79-4D4A-BEFF-CD1CD679A0F1}.Release|Any CPU.ActiveCfg = Release|Any CPU
		{3C6559C6-6E79-4D4A-BEFF-CD1CD679A0F1}.Release|Any CPU.Build.0 = Release|Any CPU
		{971BCFBC-E6DD-42FC-9B9E-FC93D5B734F4}.Debug|Any CPU.ActiveCfg = Debug|Any CPU
		{971BCFBC-E6DD-42FC-9B9E-FC93D5B734F4}.Debug|Any CPU.Build.0 = Debug|Any CPU
		{971BCFBC-E6DD-42FC-9B9E-FC93D5B734F4}.Release|Any CPU.ActiveCfg = Release|Any CPU
		{971BCFBC-E6DD-42FC-9B9E-FC93D5B734F4}.Release|Any CPU.Build.0 = Release|Any CPU
		{CADAE34E-77CB-4E94-BA07-96780C51AFFF}.Debug|Any CPU.ActiveCfg = Debug|Any CPU
		{CADAE34E-77CB-4E94-BA07-96780C51AFFF}.Debug|Any CPU.Build.0 = Debug|Any CPU
		{CADAE34E-77CB-4E94-BA07-96780C51AFFF}.Release|Any CPU.ActiveCfg = Release|Any CPU
		{CADAE34E-77CB-4E94-BA07-96780C51AFFF}.Release|Any CPU.Build.0 = Release|Any CPU
		{07676825-DCB3-4757-9A50-6D55A5CB073C}.Debug|Any CPU.ActiveCfg = Debug|Any CPU
		{07676825-DCB3-4757-9A50-6D55A5CB073C}.Debug|Any CPU.Build.0 = Debug|Any CPU
		{07676825-DCB3-4757-9A50-6D55A5CB073C}.Release|Any CPU.ActiveCfg = Release|Any CPU
		{07676825-DCB3-4757-9A50-6D55A5CB073C}.Release|Any CPU.Build.0 = Release|Any CPU
	EndGlobalSection
EndGlobal
