
Microsoft Visual Studio Solution File, Format Version 12.00
Project("{FAE04EC0-301F-11D3-BF4B-00C04F79EFBC}") = "Dab", "Dab\Dab.csproj", "{D6C8DD34-BCB5-4579-A166-CDF00640A5DA}"
EndProject
Project("{FAE04EC0-301F-11D3-BF4B-00C04F79EFBC}") = "Dj", "Dj\Dj.csproj", "{280962B1-08BF-4AD7-ABA5-A597603CAA83}"
EndProject
Global
	GlobalSection(SolutionConfigurationPlatforms) = preSolution
		Debug|Any CPU = Debug|Any CPU
		Release|Any CPU = Release|Any CPU
	EndGlobalSection
	GlobalSection(ProjectConfigurationPlatforms) = postSolution
		{D6C8DD34-BCB5-4579-A166-CDF00640A5DA}.Debug|Any CPU.ActiveCfg = Debug|Any CPU
		{D6C8DD34-BCB5-4579-A166-CDF00640A5DA}.Debug|Any CPU.Build.0 = Debug|Any CPU
		{D6C8DD34-BCB5-4579-A166-CDF00640A5DA}.Release|Any CPU.ActiveCfg = Release|Any CPU
		{D6C8DD34-BCB5-4579-A166-CDF00640A5DA}.Release|Any CPU.Build.0 = Release|Any CPU
		{280962B1-08BF-4AD7-ABA5-A597603CAA83}.Debug|Any CPU.ActiveCfg = Debug|Any CPU
		{280962B1-08BF-4AD7-ABA5-A597603CAA83}.Debug|Any CPU.Build.0 = Debug|Any CPU
		{280962B1-08BF-4AD7-ABA5-A597603CAA83}.Release|Any CPU.ActiveCfg = Release|Any CPU
		{280962B1-08BF-4AD7-ABA5-A597603CAA83}.Release|Any CPU.Build.0 = Release|Any CPU
	EndGlobalSection
EndGlobal
